Microsoft Visual Studio Solution File, Format Version 12.00
# Visual Studio Version 17
VisualStudioVersion = 17.5.2.0
MinimumVisualStudioVersion = 10.0.40219.1
Project("{FAE04EC0-301F-11D3-BF4B-00C04F79EFBC}") = "ShopeeAPI", "ShopeeAPI.csproj", "{64E6843B-065C-4A6B-F8B6-CBDDB11B67AE}"
EndProject
Global
	GlobalSection(SolutionConfigurationPlatforms) = preSolution
		Debug|Any CPU = Debug|Any CPU
		Release|Any CPU = Release|Any CPU
	EndGlobalSection
	GlobalSection(ProjectConfigurationPlatforms) = postSolution
		{64E6843B-065C-4A6B-F8B6-CBDDB11B67AE}.Debug|Any CPU.ActiveCfg = Debug|Any CPU
		{64E6843B-065C-4A6B-F8B6-CBDDB11B67AE}.Debug|Any CPU.Build.0 = Debug|Any CPU
		{64E6843B-065C-4A6B-F8B6-CBDDB11B67AE}.Release|Any CPU.ActiveCfg = Release|Any CPU
		{64E6843B-065C-4A6B-F8B6-CBDDB11B67AE}.Release|Any CPU.Build.0 = Release|Any CPU
	EndGlobalSection
	GlobalSection(SolutionProperties) = preSolution
		HideSolutionNode = FALSE
	EndGlobalSection
	GlobalSection(ExtensibilityGlobals) = postSolution
		SolutionGuid = {01554496-973A-4DA5-969D-9BE7442B8F43}
	EndGlobalSection
EndGlobal
